
Microsoft Visual Studio Solution File, Format Version 12.00
# Visual Studio Version 17
VisualStudioVersion = 17.1.32407.343
MinimumVisualStudioVersion = 10.0.40219.1
Project("{FAE04EC0-301F-11D3-BF4B-00C04F79EFBC}") = "EDUMAN", "EDUMAN\EDUMAN.csproj", "{322687E3-A413-4E42-BF7E-02B3703D0A66}"
EndProject
Global
	GlobalSection(SolutionConfigurationPlatforms) = preSolution
		Debug|Any CPU = Debug|Any CPU
		Release|Any CPU = Release|Any CPU
	EndGlobalSection
	GlobalSection(ProjectConfigurationPlatforms) = postSolution
		{322687E3-A413-4E42-BF7E-02B3703D0A66}.Debug|Any CPU.ActiveCfg = Debug|Any CPU
		{322687E3-A413-4E42-BF7E-02B3703D0A66}.Debug|Any CPU.Build.0 = Debug|Any CPU
		{322687E3-A413-4E42-BF7E-02B3703D0A66}.Release|Any CPU.ActiveCfg = Release|Any CPU
		{322687E3-A413-4E42-BF7E-02B3703D0A66}.Release|Any CPU.Build.0 = Release|Any CPU
	EndGlobalSection
	GlobalSection(SolutionProperties) = preSolution
		HideSolutionNode = FALSE
	EndGlobalSection
	GlobalSection(ExtensibilityGlobals) = postSolution
		SolutionGuid = {9647CA3A-DBE6-49BA-8CC4-EE83F4622D51}
	EndGlobalSection
EndGlobal
